
Microsoft Visual Studio Solution File, Format Version 12.00
# Visual Studio Version 17
VisualStudioVersion = 17.5.33516.290
MinimumVisualStudioVersion = 10.0.40219.1
Project("{FAE04EC0-301F-11D3-BF4B-00C04F79EFBC}") = "Rabbit MQ Messenger", "Rabbit MQ Messenger\Rabbit MQ Messenger.csproj", "{91314E53-9734-45C6-8891-B283320CFB53}"
EndProject
Global
	GlobalSection(SolutionConfigurationPlatforms) = preSolution
		Debug|Any CPU = Debug|Any CPU
		Release|Any CPU = Release|Any CPU
	EndGlobalSection
	GlobalSection(ProjectConfigurationPlatforms) = postSolution
		{91314E53-9734-45C6-8891-B283320CFB53}.Debug|Any CPU.ActiveCfg = Debug|Any CPU
		{91314E53-9734-45C6-8891-B283320CFB53}.Debug|Any CPU.Build.0 = Debug|Any CPU
		{91314E53-9734-45C6-8891-B283320CFB53}.Release|Any CPU.ActiveCfg = Release|Any CPU
		{91314E53-9734-45C6-8891-B283320CFB53}.Release|Any CPU.Build.0 = Release|Any CPU
	EndGlobalSection
	GlobalSection(SolutionProperties) = preSolution
		HideSolutionNode = FALSE
	EndGlobalSection
	GlobalSection(ExtensibilityGlobals) = postSolution
		SolutionGuid = {F404A0C5-388E-406E-900E-29AC005C88BC}
	EndGlobalSection
EndGlobal
